
Microsoft Visual Studio Solution File, Format Version 12.00
# Visual Studio Version 16
VisualStudioVersion = 16.0.30621.155
MinimumVisualStudioVersion = 10.0.40219.1
Project("{FAE04EC0-301F-11D3-BF4B-00C04F79EFBC}") = "wizgithub", "wizgithub\wizgithub.csproj", "{834F966C-E3F4-4A34-9560-2528A67FD686}"
EndProject
Global
	GlobalSection(SolutionConfigurationPlatforms) = preSolution
		Debug|Any CPU = Debug|Any CPU
		Release|Any CPU = Release|Any CPU
	EndGlobalSection
	GlobalSection(ProjectConfigurationPlatforms) = postSolution
		{834F966C-E3F4-4A34-9560-2528A67FD686}.Debug|Any CPU.ActiveCfg = Debug|Any CPU
		{834F966C-E3F4-4A34-9560-2528A67FD686}.Debug|Any CPU.Build.0 = Debug|Any CPU
		{834F966C-E3F4-4A34-9560-2528A67FD686}.Release|Any CPU.ActiveCfg = Release|Any CPU
		{834F966C-E3F4-4A34-9560-2528A67FD686}.Release|Any CPU.Build.0 = Release|Any CPU
	EndGlobalSection
	GlobalSection(SolutionProperties) = preSolution
		HideSolutionNode = FALSE
	EndGlobalSection
	GlobalSection(ExtensibilityGlobals) = postSolution
		SolutionGuid = {F4CF6DEA-7C03-43BA-AF93-F3F2BFCB583B}
	EndGlobalSection
EndGlobal
